
Microsoft Visual Studio Solution File, Format Version 12.00
Project("{2150E333-8FDC-42A3-9474-1A3956D46DE8}") = "src", "src", "{EE337038-099C-40EE-99A2-24C9DE060060}"
EndProject
Project("{FAE04EC0-301F-11D3-BF4B-00C04F79EFBC}") = "RepairCafe.Api", "src\RepairCafe.Api\RepairCafe.Api.csproj", "{0CCE26C6-24B9-40C3-9575-6A6A96DAFDD5}"
EndProject
Project("{2150E333-8FDC-42A3-9474-1A3956D46DE8}") = "Solution Settings", "Solution Settings", "{C2264702-78E8-4502-80BE-FC978C43F257}"
	ProjectSection(SolutionItems) = preProject
		Directory.Build.props = Directory.Build.props
		Directory.Packages.props = Directory.Packages.props
	EndProjectSection
EndProject
Project("{FAE04EC0-301F-11D3-BF4B-00C04F79EFBC}") = "RepairCafe.Shared.Kernel", "src\Shared\RepairCafe.Shared.Kernel\RepairCafe.Shared.Kernel.csproj", "{9D90B55D-EAEC-4998-BE83-ADCA105719D6}"
EndProject
Project("{2150E333-8FDC-42A3-9474-1A3956D46DE8}") = "Shared", "Shared", "{C526BA04-EEFE-49E4-B70A-7E38457C0837}"
EndProject
Project("{FAE04EC0-301F-11D3-BF4B-00C04F79EFBC}") = "RepairCafe.Shared.Infrastructure", "src\Shared\RepairCafe.Shared.Infrastructure\RepairCafe.Shared.Infrastructure.csproj", "{B900A118-007C-45CF-A704-94049FD8BFF5}"
EndProject
Project("{FAE04EC0-301F-11D3-BF4B-00C04F79EFBC}") = "RepairCafe.Shared.Application", "src\Shared\RepairCafe.Shared.Application\RepairCafe.Shared.Application.csproj", "{756ADD31-A463-44C1-9F3C-44243F474018}"
EndProject
Project("{2150E333-8FDC-42A3-9474-1A3956D46DE8}") = "Modules", "Modules", "{595CF7D8-63D6-470D-AAC4-69EEA532DB44}"
EndProject
Project("{2150E333-8FDC-42A3-9474-1A3956D46DE8}") = "Members", "Members", "{0CAAADC5-5BF3-43C8-84CC-78D3913756CA}"
EndProject
Project("{FAE04EC0-301F-11D3-BF4B-00C04F79EFBC}") = "RepairCafe.Modules.Members.Domain", "src\Modules\Members\RepairCafe.Modules.Members.Domain\RepairCafe.Modules.Members.Domain.csproj", "{575C6C19-9451-417F-AAFB-FADD6B135F43}"
EndProject
Project("{2150E333-8FDC-42A3-9474-1A3956D46DE8}") = "Auth", "Auth", "{B7E192CC-9467-4D46-A268-EC18FA575D6F}"
EndProject
Project("{FAE04EC0-301F-11D3-BF4B-00C04F79EFBC}") = "RepairCafe.Modules.Auth.Presentation", "src\Modules\Auth\RepairCafe.Modules.Auth.Presentation\RepairCafe.Modules.Auth.Presentation.csproj", "{61E101A2-C872-4B6F-903B-ED9538D844D1}"
EndProject
Project("{FAE04EC0-301F-11D3-BF4B-00C04F79EFBC}") = "RepairCafe.Modules.Auth.Application", "src\Modules\Auth\RepairCafe.Modules.Auth.Application\RepairCafe.Modules.Auth.Application.csproj", "{5C3E815D-EC5F-43C3-9EAA-DDC63D09F5DF}"
EndProject
Project("{FAE04EC0-301F-11D3-BF4B-00C04F79EFBC}") = "RepairCafe.Modules.Auth.Domain", "src\Modules\Auth\RepairCafe.Modules.Auth.Domain\RepairCafe.Modules.Auth.Domain.csproj", "{F855F447-5453-42D6-9298-213D5761582C}"
EndProject
Project("{FAE04EC0-301F-11D3-BF4B-00C04F79EFBC}") = "RepairCafe.Modules.Auth.Infrastructure", "src\Modules\Auth\RepairCafe.Modules.Auth.Infrastructure\RepairCafe.Modules.Auth.Infrastructure.csproj", "{AF8786F2-FF8E-4255-8CB6-C4A294258527}"
EndProject
Project("{FAE04EC0-301F-11D3-BF4B-00C04F79EFBC}") = "RepairCafe.Shared.Presentation", "src\Shared\RepairCafe.Shared.Presentation\RepairCafe.Shared.Presentation.csproj", "{25D16837-18A0-477B-A9D3-E9443F551ADF}"
EndProject
Global
	GlobalSection(SolutionConfigurationPlatforms) = preSolution
		Debug|Any CPU = Debug|Any CPU
		Release|Any CPU = Release|Any CPU
	EndGlobalSection
	GlobalSection(NestedProjects) = preSolution
		{0CCE26C6-24B9-40C3-9575-6A6A96DAFDD5} = {EE337038-099C-40EE-99A2-24C9DE060060}
		{C526BA04-EEFE-49E4-B70A-7E38457C0837} = {EE337038-099C-40EE-99A2-24C9DE060060}
		{9D90B55D-EAEC-4998-BE83-ADCA105719D6} = {C526BA04-EEFE-49E4-B70A-7E38457C0837}
		{B900A118-007C-45CF-A704-94049FD8BFF5} = {C526BA04-EEFE-49E4-B70A-7E38457C0837}
		{756ADD31-A463-44C1-9F3C-44243F474018} = {C526BA04-EEFE-49E4-B70A-7E38457C0837}
		{595CF7D8-63D6-470D-AAC4-69EEA532DB44} = {EE337038-099C-40EE-99A2-24C9DE060060}
		{0CAAADC5-5BF3-43C8-84CC-78D3913756CA} = {595CF7D8-63D6-470D-AAC4-69EEA532DB44}
		{575C6C19-9451-417F-AAFB-FADD6B135F43} = {0CAAADC5-5BF3-43C8-84CC-78D3913756CA}
		{B7E192CC-9467-4D46-A268-EC18FA575D6F} = {595CF7D8-63D6-470D-AAC4-69EEA532DB44}
		{61E101A2-C872-4B6F-903B-ED9538D844D1} = {B7E192CC-9467-4D46-A268-EC18FA575D6F}
		{5C3E815D-EC5F-43C3-9EAA-DDC63D09F5DF} = {B7E192CC-9467-4D46-A268-EC18FA575D6F}
		{F855F447-5453-42D6-9298-213D5761582C} = {B7E192CC-9467-4D46-A268-EC18FA575D6F}
		{AF8786F2-FF8E-4255-8CB6-C4A294258527} = {B7E192CC-9467-4D46-A268-EC18FA575D6F}
		{25D16837-18A0-477B-A9D3-E9443F551ADF} = {C526BA04-EEFE-49E4-B70A-7E38457C0837}
	EndGlobalSection
	GlobalSection(ProjectConfigurationPlatforms) = postSolution
		{0CCE26C6-24B9-40C3-9575-6A6A96DAFDD5}.Debug|Any CPU.ActiveCfg = Debug|Any CPU
		{0CCE26C6-24B9-40C3-9575-6A6A96DAFDD5}.Debug|Any CPU.Build.0 = Debug|Any CPU
		{0CCE26C6-24B9-40C3-9575-6A6A96DAFDD5}.Release|Any CPU.ActiveCfg = Release|Any CPU
		{0CCE26C6-24B9-40C3-9575-6A6A96DAFDD5}.Release|Any CPU.Build.0 = Release|Any CPU
		{9D90B55D-EAEC-4998-BE83-ADCA105719D6}.Debug|Any CPU.ActiveCfg = Debug|Any CPU
		{9D90B55D-EAEC-4998-BE83-ADCA105719D6}.Debug|Any CPU.Build.0 = Debug|Any CPU
		{9D90B55D-EAEC-4998-BE83-ADCA105719D6}.Release|Any CPU.ActiveCfg = Release|Any CPU
		{9D90B55D-EAEC-4998-BE83-ADCA105719D6}.Release|Any CPU.Build.0 = Release|Any CPU
		{B900A118-007C-45CF-A704-94049FD8BFF5}.Debug|Any CPU.ActiveCfg = Debug|Any CPU
		{B900A118-007C-45CF-A704-94049FD8BFF5}.Debug|Any CPU.Build.0 = Debug|Any CPU
		{B900A118-007C-45CF-A704-94049FD8BFF5}.Release|Any CPU.ActiveCfg = Release|Any CPU
		{B900A118-007C-45CF-A704-94049FD8BFF5}.Release|Any CPU.Build.0 = Release|Any CPU
		{756ADD31-A463-44C1-9F3C-44243F474018}.Debug|Any CPU.ActiveCfg = Debug|Any CPU
		{756ADD31-A463-44C1-9F3C-44243F474018}.Debug|Any CPU.Build.0 = Debug|Any CPU
		{756ADD31-A463-44C1-9F3C-44243F474018}.Release|Any CPU.ActiveCfg = Release|Any CPU
		{756ADD31-A463-44C1-9F3C-44243F474018}.Release|Any CPU.Build.0 = Release|Any CPU
		{575C6C19-9451-417F-AAFB-FADD6B135F43}.Debug|Any CPU.ActiveCfg = Debug|Any CPU
		{575C6C19-9451-417F-AAFB-FADD6B135F43}.Debug|Any CPU.Build.0 = Debug|Any CPU
		{575C6C19-9451-417F-AAFB-FADD6B135F43}.Release|Any CPU.ActiveCfg = Release|Any CPU
		{575C6C19-9451-417F-AAFB-FADD6B135F43}.Release|Any CPU.Build.0 = Release|Any CPU
		{61E101A2-C872-4B6F-903B-ED9538D844D1}.Debug|Any CPU.ActiveCfg = Debug|Any CPU
		{61E101A2-C872-4B6F-903B-ED9538D844D1}.Debug|Any CPU.Build.0 = Debug|Any CPU
		{61E101A2-C872-4B6F-903B-ED9538D844D1}.Release|Any CPU.ActiveCfg = Release|Any CPU
		{61E101A2-C872-4B6F-903B-ED9538D844D1}.Release|Any CPU.Build.0 = Release|Any CPU
		{5C3E815D-EC5F-43C3-9EAA-DDC63D09F5DF}.Debug|Any CPU.ActiveCfg = Debug|Any CPU
		{5C3E815D-EC5F-43C3-9EAA-DDC63D09F5DF}.Debug|Any CPU.Build.0 = Debug|Any CPU
		{5C3E815D-EC5F-43C3-9EAA-DDC63D09F5DF}.Release|Any CPU.ActiveCfg = Release|Any CPU
		{5C3E815D-EC5F-43C3-9EAA-DDC63D09F5DF}.Release|Any CPU.Build.0 = Release|Any CPU
		{F855F447-5453-42D6-9298-213D5761582C}.Debug|Any CPU.ActiveCfg = Debug|Any CPU
		{F855F447-5453-42D6-9298-213D5761582C}.Debug|Any CPU.Build.0 = Debug|Any CPU
		{F855F447-5453-42D6-9298-213D5761582C}.Release|Any CPU.ActiveCfg = Release|Any CPU
		{F855F447-5453-42D6-9298-213D5761582C}.Release|Any CPU.Build.0 = Release|Any CPU
		{AF8786F2-FF8E-4255-8CB6-C4A294258527}.Debug|Any CPU.ActiveCfg = Debug|Any CPU
		{AF8786F2-FF8E-4255-8CB6-C4A294258527}.Debug|Any CPU.Build.0 = Debug|Any CPU
		{AF8786F2-FF8E-4255-8CB6-C4A294258527}.Release|Any CPU.ActiveCfg = Release|Any CPU
		{AF8786F2-FF8E-4255-8CB6-C4A294258527}.Release|Any CPU.Build.0 = Release|Any CPU
		{25D16837-18A0-477B-A9D3-E9443F551ADF}.Debug|Any CPU.ActiveCfg = Debug|Any CPU
		{25D16837-18A0-477B-A9D3-E9443F551ADF}.Debug|Any CPU.Build.0 = Debug|Any CPU
		{25D16837-18A0-477B-A9D3-E9443F551ADF}.Release|Any CPU.ActiveCfg = Release|Any CPU
		{25D16837-18A0-477B-A9D3-E9443F551ADF}.Release|Any CPU.Build.0 = Release|Any CPU
	EndGlobalSection
EndGlobal
