
Microsoft Visual Studio Solution File, Format Version 12.00
Project("{2150E333-8FDC-42A3-9474-1A3956D46DE8}") = "src", "src", "{EE337038-099C-40EE-99A2-24C9DE060060}"
EndProject
Project("{FAE04EC0-301F-11D3-BF4B-00C04F79EFBC}") = "RepairCafe.Api", "src\RepairCafe.Api\RepairCafe.Api.csproj", "{0CCE26C6-24B9-40C3-9575-6A6A96DAFDD5}"
EndProject
Project("{2150E333-8FDC-42A3-9474-1A3956D46DE8}") = "Solution Settings", "Solution Settings", "{C2264702-78E8-4502-80BE-FC978C43F257}"
	ProjectSection(SolutionItems) = preProject
		Directory.Build.props = Directory.Build.props
		Directory.Packages.props = Directory.Packages.props
	EndProjectSection
EndProject
Global
	GlobalSection(SolutionConfigurationPlatforms) = preSolution
		Debug|Any CPU = Debug|Any CPU
		Release|Any CPU = Release|Any CPU
	EndGlobalSection
	GlobalSection(NestedProjects) = preSolution
		{0CCE26C6-24B9-40C3-9575-6A6A96DAFDD5} = {EE337038-099C-40EE-99A2-24C9DE060060}
	EndGlobalSection
	GlobalSection(ProjectConfigurationPlatforms) = postSolution
		{0CCE26C6-24B9-40C3-9575-6A6A96DAFDD5}.Debug|Any CPU.ActiveCfg = Debug|Any CPU
		{0CCE26C6-24B9-40C3-9575-6A6A96DAFDD5}.Debug|Any CPU.Build.0 = Debug|Any CPU
		{0CCE26C6-24B9-40C3-9575-6A6A96DAFDD5}.Release|Any CPU.ActiveCfg = Release|Any CPU
		{0CCE26C6-24B9-40C3-9575-6A6A96DAFDD5}.Release|Any CPU.Build.0 = Release|Any CPU
	EndGlobalSection
EndGlobal
